// !$*UTF8*$!
{
	archiveVersion = 1;
	classes = {
	};
	objectVersion = 77;
	objects = {

/* Begin PBXBuildFile section */
		ABB441BB2D807DA800B14B25 /* .gitignore in Resources */ = {isa = PBXBuildFile; fileRef = ABB441B62D807DA800B14B25 /* .gitignore */; };
		ABB441BE2D81C03200B14B25 /* Data in Frameworks */ = {isa = PBXBuildFile; productRef = ABB441BD2D81C03200B14B25 /* Data */; };
		ABB441C02D81C03200B14B25 /* Domain in Frameworks */ = {isa = PBXBuildFile; productRef = ABB441BF2D81C03200B14B25 /* Domain */; };
		ABB441C22D81C03200B14B25 /* Presentation in Frameworks */ = {isa = PBXBuildFile; productRef = ABB441C12D81C03200B14B25 /* Presentation */; };
		ABB441CC2D81E58500B14B25 /* Mock in Frameworks */ = {isa = PBXBuildFile; productRef = ABB441CB2D81E58500B14B25 /* Mock */; };
/* End PBXBuildFile section */

/* Begin PBXContainerItemProxy section */
		ABB441992D80762800B14B25 /* PBXContainerItemProxy */ = {
			isa = PBXContainerItemProxy;
			containerPortal = ABB441802D80762700B14B25 /* Project object */;
			proxyType = 1;
			remoteGlobalIDString = ABB441872D80762700B14B25;
			remoteInfo = Feed;
		};
		ABB441A32D80762800B14B25 /* PBXContainerItemProxy */ = {
			isa = PBXContainerItemProxy;
			containerPortal = ABB441802D80762700B14B25 /* Project object */;
			proxyType = 1;
			remoteGlobalIDString = ABB441872D80762700B14B25;
			remoteInfo = Feed;
		};
/* End PBXContainerItemProxy section */

/* Begin PBXFileReference section */
		ABB441882D80762700B14B25 /* Feed.app */ = {isa = PBXFileReference; explicitFileType = wrapper.application; includeInIndex = 0; path = Feed.app; sourceTree = BUILT_PRODUCTS_DIR; };
		ABB441982D80762800B14B25 /* FeedTests.xctest */ = {isa = PBXFileReference; explicitFileType = wrapper.cfbundle; includeInIndex = 0; path = FeedTests.xctest; sourceTree = BUILT_PRODUCTS_DIR; };
		ABB441A22D80762800B14B25 /* FeedUITests.xctest */ = {isa = PBXFileReference; explicitFileType = wrapper.cfbundle; includeInIndex = 0; path = FeedUITests.xctest; sourceTree = BUILT_PRODUCTS_DIR; };
		ABB441B62D807DA800B14B25 /* .gitignore */ = {isa = PBXFileReference; lastKnownFileType = text; path = .gitignore; sourceTree = "<group>"; };
		ABB441B72D807DA800B14B25 /* Data */ = {isa = PBXFileReference; lastKnownFileType = wrapper; path = Data; sourceTree = "<group>"; };
		ABB441B82D807DA800B14B25 /* Domain */ = {isa = PBXFileReference; lastKnownFileType = wrapper; path = Domain; sourceTree = "<group>"; };
		ABB441B92D807DA800B14B25 /* Presentation */ = {isa = PBXFileReference; lastKnownFileType = wrapper; path = Presentation; sourceTree = "<group>"; };
		ABB441CA2D81E55B00B14B25 /* Mock */ = {isa = PBXFileReference; lastKnownFileType = wrapper; path = Mock; sourceTree = "<group>"; };
/* End PBXFileReference section */

/* Begin PBXFileSystemSynchronizedRootGroup section */
		ABB4418A2D80762700B14B25 /* Feed */ = {
			isa = PBXFileSystemSynchronizedRootGroup;
			path = Feed;
			sourceTree = "<group>";
		};
		ABB4419B2D80762800B14B25 /* FeedTests */ = {
			isa = PBXFileSystemSynchronizedRootGroup;
			path = FeedTests;
			sourceTree = "<group>";
		};
		ABB441A52D80762800B14B25 /* FeedUITests */ = {
			isa = PBXFileSystemSynchronizedRootGroup;
			path = FeedUITests;
			sourceTree = "<group>";
		};
/* End PBXFileSystemSynchronizedRootGroup section */

/* Begin PBXFrameworksBuildPhase section */
		ABB441852D80762700B14B25 /* Frameworks */ = {
			isa = PBXFrameworksBuildPhase;
			buildActionMask = 2147483647;
			files = (
				ABB441C02D81C03200B14B25 /* Domain in Frameworks */,
				ABB441C22D81C03200B14B25 /* Presentation in Frameworks */,
				ABB441CC2D81E58500B14B25 /* Mock in Frameworks */,
				ABB441BE2D81C03200B14B25 /* Data in Frameworks */,
			);
			runOnlyForDeploymentPostprocessing = 0;
		};
		ABB441952D80762800B14B25 /* Frameworks */ = {
			isa = PBXFrameworksBuildPhase;
			buildActionMask = 2147483647;
			files = (
			);
			runOnlyForDeploymentPostprocessing = 0;
		};
		ABB4419F2D80762800B14B25 /* Frameworks */ = {
			isa = PBXFrameworksBuildPhase;
			buildActionMask = 2147483647;
			files = (
			);
			runOnlyForDeploymentPostprocessing = 0;
		};
/* End PBXFrameworksBuildPhase section */

/* Begin PBXGroup section */
		ABB4417F2D80762700B14B25 = {
			isa = PBXGroup;
			children = (
				ABB4418A2D80762700B14B25 /* Feed */,
				ABB441BA2D807DA800B14B25 /* Modules */,
				ABB4419B2D80762800B14B25 /* FeedTests */,
				ABB441A52D80762800B14B25 /* FeedUITests */,
				ABB441BC2D81C03200B14B25 /* Frameworks */,
				ABB441892D80762700B14B25 /* Products */,
			);
			sourceTree = "<group>";
		};
		ABB441892D80762700B14B25 /* Products */ = {
			isa = PBXGroup;
			children = (
				ABB441882D80762700B14B25 /* Feed.app */,
				ABB441982D80762800B14B25 /* FeedTests.xctest */,
				ABB441A22D80762800B14B25 /* FeedUITests.xctest */,
			);
			name = Products;
			sourceTree = "<group>";
		};
		ABB441BA2D807DA800B14B25 /* Modules */ = {
			isa = PBXGroup;
			children = (
				ABB441B62D807DA800B14B25 /* .gitignore */,
				ABB441B72D807DA800B14B25 /* Data */,
				ABB441B82D807DA800B14B25 /* Domain */,
				ABB441CA2D81E55B00B14B25 /* Mock */,
				ABB441B92D807DA800B14B25 /* Presentation */,
			);
			path = Modules;
			sourceTree = "<group>";
		};
		ABB441BC2D81C03200B14B25 /* Frameworks */ = {
			isa = PBXGroup;
			children = (
			);
			name = Frameworks;
			sourceTree = "<group>";
		};
/* End PBXGroup section */

/* Begin PBXNativeTarget section */
		ABB441872D80762700B14B25 /* Feed */ = {
			isa = PBXNativeTarget;
			buildConfigurationList = ABB441AC2D80762800B14B25 /* Build configuration list for PBXNativeTarget "Feed" */;
			buildPhases = (
				ABB441842D80762700B14B25 /* Sources */,
				ABB441852D80762700B14B25 /* Frameworks */,
				ABB441862D80762700B14B25 /* Resources */,
			);
			buildRules = (
			);
			dependencies = (
			);
			fileSystemSynchronizedGroups = (
				ABB4418A2D80762700B14B25 /* Feed */,
			);
			name = Feed;
			packageProductDependencies = (
				ABB441BD2D81C03200B14B25 /* Data */,
				ABB441BF2D81C03200B14B25 /* Domain */,
				ABB441C12D81C03200B14B25 /* Presentation */,
				ABB441CB2D81E58500B14B25 /* Mock */,
			);
			productName = Feed;
			productReference = ABB441882D80762700B14B25 /* Feed.app */;
			productType = "com.apple.product-type.application";
		};
		ABB441972D80762800B14B25 /* FeedTests */ = {
			isa = PBXNativeTarget;
			buildConfigurationList = ABB441AF2D80762800B14B25 /* Build configuration list for PBXNativeTarget "FeedTests" */;
			buildPhases = (
				ABB441942D80762800B14B25 /* Sources */,
				ABB441952D80762800B14B25 /* Frameworks */,
				ABB441962D80762800B14B25 /* Resources */,
			);
			buildRules = (
			);
			dependencies = (
				ABB4419A2D80762800B14B25 /* PBXTargetDependency */,
			);
			fileSystemSynchronizedGroups = (
				ABB4419B2D80762800B14B25 /* FeedTests */,
			);
			name = FeedTests;
			packageProductDependencies = (
			);
			productName = FeedTests;
			productReference = ABB441982D80762800B14B25 /* FeedTests.xctest */;
			productType = "com.apple.product-type.bundle.unit-test";
		};
		ABB441A12D80762800B14B25 /* FeedUITests */ = {
			isa = PBXNativeTarget;
			buildConfigurationList = ABB441B22D80762800B14B25 /* Build configuration list for PBXNativeTarget "FeedUITests" */;
			buildPhases = (
				ABB4419E2D80762800B14B25 /* Sources */,
				ABB4419F2D80762800B14B25 /* Frameworks */,
				ABB441A02D80762800B14B25 /* Resources */,
			);
			buildRules = (
			);
			dependencies = (
				ABB441A42D80762800B14B25 /* PBXTargetDependency */,
			);
			fileSystemSynchronizedGroups = (
				ABB441A52D80762800B14B25 /* FeedUITests */,
			);
			name = FeedUITests;
			packageProductDependencies = (
			);
			productName = FeedUITests;
			productReference = ABB441A22D80762800B14B25 /* FeedUITests.xctest */;
			productType = "com.apple.product-type.bundle.ui-testing";
		};
/* End PBXNativeTarget section */

/* Begin PBXProject section */
		ABB441802D80762700B14B25 /* Project object */ = {
			isa = PBXProject;
			attributes = {
				BuildIndependentTargetsInParallel = 1;
				LastSwiftUpdateCheck = 1620;
				LastUpgradeCheck = 1620;
				TargetAttributes = {
					ABB441872D80762700B14B25 = {
						CreatedOnToolsVersion = 16.2;
					};
					ABB441972D80762800B14B25 = {
						CreatedOnToolsVersion = 16.2;
						TestTargetID = ABB441872D80762700B14B25;
					};
					ABB441A12D80762800B14B25 = {
						CreatedOnToolsVersion = 16.2;
						TestTargetID = ABB441872D80762700B14B25;
					};
				};
			};
			buildConfigurationList = ABB441832D80762700B14B25 /* Build configuration list for PBXProject "Feed" */;
			developmentRegion = en;
			hasScannedForEncodings = 0;
			knownRegions = (
				en,
				Base,
			);
			mainGroup = ABB4417F2D80762700B14B25;
			minimizedProjectReferenceProxies = 1;
			preferredProjectObjectVersion = 77;
			productRefGroup = ABB441892D80762700B14B25 /* Products */;
			projectDirPath = "";
			projectRoot = "";
			targets = (
				ABB441872D80762700B14B25 /* Feed */,
				ABB441972D80762800B14B25 /* FeedTests */,
				ABB441A12D80762800B14B25 /* FeedUITests */,
			);
		};
/* End PBXProject section */

/* Begin PBXResourcesBuildPhase section */
		ABB441862D80762700B14B25 /* Resources */ = {
			isa = PBXResourcesBuildPhase;
			buildActionMask = 2147483647;
			files = (
				ABB441BB2D807DA800B14B25 /* .gitignore in Resources */,
			);
			runOnlyForDeploymentPostprocessing = 0;
		};
		ABB441962D80762800B14B25 /* Resources */ = {
			isa = PBXResourcesBuildPhase;
			buildActionMask = 2147483647;
			files = (
			);
			runOnlyForDeploymentPostprocessing = 0;
		};
		ABB441A02D80762800B14B25 /* Resources */ = {
			isa = PBXResourcesBuildPhase;
			buildActionMask = 2147483647;
			files = (
			);
			runOnlyForDeploymentPostprocessing = 0;
		};
/* End PBXResourcesBuildPhase section */

/* Begin PBXSourcesBuildPhase section */
		ABB441842D80762700B14B25 /* Sources */ = {
			isa = PBXSourcesBuildPhase;
			buildActionMask = 2147483647;
			files = (
			);
			runOnlyForDeploymentPostprocessing = 0;
		};
		ABB441942D80762800B14B25 /* Sources */ = {
			isa = PBXSourcesBuildPhase;
			buildActionMask = 2147483647;
			files = (
			);
			runOnlyForDeploymentPostprocessing = 0;
		};
		ABB4419E2D80762800B14B25 /* Sources */ = {
			isa = PBXSourcesBuildPhase;
			buildActionMask = 2147483647;
			files = (
			);
			runOnlyForDeploymentPostprocessing = 0;
		};
/* End PBXSourcesBuildPhase section */

/* Begin PBXTargetDependency section */
		ABB4419A2D80762800B14B25 /* PBXTargetDependency */ = {
			isa = PBXTargetDependency;
			target = ABB441872D80762700B14B25 /* Feed */;
			targetProxy = ABB441992D80762800B14B25 /* PBXContainerItemProxy */;
		};
		ABB441A42D80762800B14B25 /* PBXTargetDependency */ = {
			isa = PBXTargetDependency;
			target = ABB441872D80762700B14B25 /* Feed */;
			targetProxy = ABB441A32D80762800B14B25 /* PBXContainerItemProxy */;
		};
/* End PBXTargetDependency section */

/* Begin XCBuildConfiguration section */
		ABB441AA2D80762800B14B25 /* Debug */ = {
			isa = XCBuildConfiguration;
			buildSettings = {
				ALWAYS_SEARCH_USER_PATHS = NO;
				ASSETCATALOG_COMPILER_GENERATE_SWIFT_ASSET_SYMBOL_EXTENSIONS = YES;
				CLANG_ANALYZER_NONNULL = YES;
				CLANG_ANALYZER_NUMBER_OBJECT_CONVERSION = YES_AGGRESSIVE;
				CLANG_CXX_LANGUAGE_STANDARD = "gnu++20";
				CLANG_ENABLE_MODULES = YES;
				CLANG_ENABLE_OBJC_ARC = YES;
				CLANG_ENABLE_OBJC_WEAK = YES;
				CLANG_WARN_BLOCK_CAPTURE_AUTORELEASING = YES;
				CLANG_WARN_BOOL_CONVERSION = YES;
				CLANG_WARN_COMMA = YES;
				CLANG_WARN_CONSTANT_CONVERSION = YES;
				CLANG_WARN_DEPRECATED_OBJC_IMPLEMENTATIONS = YES;
				CLANG_WARN_DIRECT_OBJC_ISA_USAGE = YES_ERROR;
				CLANG_WARN_DOCUMENTATION_COMMENTS = YES;
				CLANG_WARN_EMPTY_BODY = YES;
				CLANG_WARN_ENUM_CONVERSION = YES;
				CLANG_WARN_INFINITE_RECURSION = YES;
				CLANG_WARN_INT_CONVERSION = YES;
				CLANG_WARN_NON_LITERAL_NULL_CONVERSION = YES;
				CLANG_WARN_OBJC_IMPLICIT_RETAIN_SELF = YES;
				CLANG_WARN_OBJC_LITERAL_CONVERSION = YES;
				CLANG_WARN_OBJC_ROOT_CLASS = YES_ERROR;
				CLANG_WARN_QUOTED_INCLUDE_IN_FRAMEWORK_HEADER = YES;
				CLANG_WARN_RANGE_LOOP_ANALYSIS = YES;
				CLANG_WARN_STRICT_PROTOTYPES = YES;
				CLANG_WARN_SUSPICIOUS_MOVE = YES;
				CLANG_WARN_UNGUARDED_AVAILABILITY = YES_AGGRESSIVE;
				CLANG_WARN_UNREACHABLE_CODE = YES;
				CLANG_WARN__DUPLICATE_METHOD_MATCH = YES;
				COPY_PHASE_STRIP = NO;
				DEBUG_INFORMATION_FORMAT = dwarf;
				ENABLE_STRICT_OBJC_MSGSEND = YES;
				ENABLE_TESTABILITY = YES;
				ENABLE_USER_SCRIPT_SANDBOXING = YES;
				GCC_C_LANGUAGE_STANDARD = gnu17;
				GCC_DYNAMIC_NO_PIC = NO;
				GCC_NO_COMMON_BLOCKS = YES;
				GCC_OPTIMIZATION_LEVEL = 0;
				GCC_PREPROCESSOR_DEFINITIONS = (
					"DEBUG=1",
					"$(inherited)",
				);
				GCC_WARN_64_TO_32_BIT_CONVERSION = YES;
				GCC_WARN_ABOUT_RETURN_TYPE = YES_ERROR;
				GCC_WARN_UNDECLARED_SELECTOR = YES;
				GCC_WARN_UNINITIALIZED_AUTOS = YES_AGGRESSIVE;
				GCC_WARN_UNUSED_FUNCTION = YES;
				GCC_WARN_UNUSED_VARIABLE = YES;
				IPHONEOS_DEPLOYMENT_TARGET = 18.2;
				LOCALIZATION_PREFERS_STRING_CATALOGS = YES;
				MTL_ENABLE_DEBUG_INFO = INCLUDE_SOURCE;
				MTL_FAST_MATH = YES;
				ONLY_ACTIVE_ARCH = YES;
				SDKROOT = iphoneos;
				SWIFT_ACTIVE_COMPILATION_CONDITIONS = "DEBUG $(inherited)";
				SWIFT_OPTIMIZATION_LEVEL = "-Onone";
			};
			name = Debug;
		};
		ABB441AB2D80762800B14B25 /* Release */ = {
			isa = XCBuildConfiguration;
			buildSettings = {
				ALWAYS_SEARCH_USER_PATHS = NO;
				ASSETCATALOG_COMPILER_GENERATE_SWIFT_ASSET_SYMBOL_EXTENSIONS = YES;
				CLANG_ANALYZER_NONNULL = YES;
				CLANG_ANALYZER_NUMBER_OBJECT_CONVERSION = YES_AGGRESSIVE;
				CLANG_CXX_LANGUAGE_STANDARD = "gnu++20";
				CLANG_ENABLE_MODULES = YES;
				CLANG_ENABLE_OBJC_ARC = YES;
				CLANG_ENABLE_OBJC_WEAK = YES;
				CLANG_WARN_BLOCK_CAPTURE_AUTORELEASING = YES;
				CLANG_WARN_BOOL_CONVERSION = YES;
				CLANG_WARN_COMMA = YES;
				CLANG_WARN_CONSTANT_CONVERSION = YES;
				CLANG_WARN_DEPRECATED_OBJC_IMPLEMENTATIONS = YES;
				CLANG_WARN_DIRECT_OBJC_ISA_USAGE = YES_ERROR;
				CLANG_WARN_DOCUMENTATION_COMMENTS = YES;
				CLANG_WARN_EMPTY_BODY = YES;
				CLANG_WARN_ENUM_CONVERSION = YES;
				CLANG_WARN_INFINITE_RECURSION = YES;
				CLANG_WARN_INT_CONVERSION = YES;
				CLANG_WARN_NON_LITERAL_NULL_CONVERSION = YES;
				CLANG_WARN_OBJC_IMPLICIT_RETAIN_SELF = YES;
				CLANG_WARN_OBJC_LITERAL_CONVERSION = YES;
				CLANG_WARN_OBJC_ROOT_CLASS = YES_ERROR;
				CLANG_WARN_QUOTED_INCLUDE_IN_FRAMEWORK_HEADER = YES;
				CLANG_WARN_RANGE_LOOP_ANALYSIS = YES;
				CLANG_WARN_STRICT_PROTOTYPES = YES;
				CLANG_WARN_SUSPICIOUS_MOVE = YES;
				CLANG_WARN_UNGUARDED_AVAILABILITY = YES_AGGRESSIVE;
				CLANG_WARN_UNREACHABLE_CODE = YES;
				CLANG_WARN__DUPLICATE_METHOD_MATCH = YES;
				COPY_PHASE_STRIP = NO;
				DEBUG_INFORMATION_FORMAT = "dwarf-with-dsym";
				ENABLE_NS_ASSERTIONS = NO;
				ENABLE_STRICT_OBJC_MSGSEND = YES;
				ENABLE_USER_SCRIPT_SANDBOXING = YES;
				GCC_C_LANGUAGE_STANDARD = gnu17;
				GCC_NO_COMMON_BLOCKS = YES;
				GCC_WARN_64_TO_32_BIT_CONVERSION = YES;
				GCC_WARN_ABOUT_RETURN_TYPE = YES_ERROR;
				GCC_WARN_UNDECLARED_SELECTOR = YES;
				GCC_WARN_UNINITIALIZED_AUTOS = YES_AGGRESSIVE;
				GCC_WARN_UNUSED_FUNCTION = YES;
				GCC_WARN_UNUSED_VARIABLE = YES;
				IPHONEOS_DEPLOYMENT_TARGET = 18.2;
				LOCALIZATION_PREFERS_STRING_CATALOGS = YES;
				MTL_ENABLE_DEBUG_INFO = NO;
				MTL_FAST_MATH = YES;
				SDKROOT = iphoneos;
				SWIFT_COMPILATION_MODE = wholemodule;
				VALIDATE_PRODUCT = YES;
			};
			name = Release;
		};
		ABB441AD2D80762800B14B25 /* Debug */ = {
			isa = XCBuildConfiguration;
			buildSettings = {
				ASSETCATALOG_COMPILER_APPICON_NAME = AppIcon;
				ASSETCATALOG_COMPILER_GLOBAL_ACCENT_COLOR_NAME = AccentColor;
				CODE_SIGN_STYLE = Automatic;
				CURRENT_PROJECT_VERSION = 1;
				DEVELOPMENT_ASSET_PATHS = "\"Feed/Preview Content\"";
				DEVELOPMENT_TEAM = FD42L98QQ7;
				ENABLE_PREVIEWS = YES;
				GENERATE_INFOPLIST_FILE = YES;
				INFOPLIST_KEY_UIApplicationSceneManifest_Generation = YES;
				INFOPLIST_KEY_UIApplicationSupportsIndirectInputEvents = YES;
				INFOPLIST_KEY_UILaunchScreen_Generation = YES;
				INFOPLIST_KEY_UISupportedInterfaceOrientations_iPad = "UIInterfaceOrientationPortrait UIInterfaceOrientationPortraitUpsideDown UIInterfaceOrientationLandscapeLeft UIInterfaceOrientationLandscapeRight";
				INFOPLIST_KEY_UISupportedInterfaceOrientations_iPhone = "UIInterfaceOrientationPortrait UIInterfaceOrientationLandscapeLeft UIInterfaceOrientationLandscapeRight";
				LD_RUNPATH_SEARCH_PATHS = (
					"$(inherited)",
					"@executable_path/Frameworks",
				);
				MARKETING_VERSION = 1.0;
				PRODUCT_BUNDLE_IDENTIFIER = com.sample.Feed;
				PRODUCT_NAME = "$(TARGET_NAME)";
				SWIFT_EMIT_LOC_STRINGS = YES;
				SWIFT_VERSION = 5.0;
				TARGETED_DEVICE_FAMILY = "1,2";
			};
			name = Debug;
		};
		ABB441AE2D80762800B14B25 /* Release */ = {
			isa = XCBuildConfiguration;
			buildSettings = {
				ASSETCATALOG_COMPILER_APPICON_NAME = AppIcon;
				ASSETCATALOG_COMPILER_GLOBAL_ACCENT_COLOR_NAME = AccentColor;
				CODE_SIGN_STYLE = Automatic;
				CURRENT_PROJECT_VERSION = 1;
				DEVELOPMENT_ASSET_PATHS = "\"Feed/Preview Content\"";
				DEVELOPMENT_TEAM = FD42L98QQ7;
				ENABLE_PREVIEWS = YES;
				GENERATE_INFOPLIST_FILE = YES;
				INFOPLIST_KEY_UIApplicationSceneManifest_Generation = YES;
				INFOPLIST_KEY_UIApplicationSupportsIndirectInputEvents = YES;
				INFOPLIST_KEY_UILaunchScreen_Generation = YES;
				INFOPLIST_KEY_UISupportedInterfaceOrientations_iPad = "UIInterfaceOrientationPortrait UIInterfaceOrientationPortraitUpsideDown UIInterfaceOrientationLandscapeLeft UIInterfaceOrientationLandscapeRight";
				INFOPLIST_KEY_UISupportedInterfaceOrientations_iPhone = "UIInterfaceOrientationPortrait UIInterfaceOrientationLandscapeLeft UIInterfaceOrientationLandscapeRight";
				LD_RUNPATH_SEARCH_PATHS = (
					"$(inherited)",
					"@executable_path/Frameworks",
				);
				MARKETING_VERSION = 1.0;
				PRODUCT_BUNDLE_IDENTIFIER = com.sample.Feed;
				PRODUCT_NAME = "$(TARGET_NAME)";
				SWIFT_EMIT_LOC_STRINGS = YES;
				SWIFT_VERSION = 5.0;
				TARGETED_DEVICE_FAMILY = "1,2";
			};
			name = Release;
		};
		ABB441B02D80762800B14B25 /* Debug */ = {
			isa = XCBuildConfiguration;
			buildSettings = {
				BUNDLE_LOADER = "$(TEST_HOST)";
				CODE_SIGN_STYLE = Automatic;
				CURRENT_PROJECT_VERSION = 1;
				DEVELOPMENT_TEAM = FD42L98QQ7;
				GENERATE_INFOPLIST_FILE = YES;
				IPHONEOS_DEPLOYMENT_TARGET = 18.2;
				MARKETING_VERSION = 1.0;
				PRODUCT_BUNDLE_IDENTIFIER = com.sample.FeedTests;
				PRODUCT_NAME = "$(TARGET_NAME)";
				SWIFT_EMIT_LOC_STRINGS = NO;
				SWIFT_VERSION = 5.0;
				TARGETED_DEVICE_FAMILY = "1,2";
				TEST_HOST = "$(BUILT_PRODUCTS_DIR)/Feed.app/$(BUNDLE_EXECUTABLE_FOLDER_PATH)/Feed";
			};
			name = Debug;
		};
		ABB441B12D80762800B14B25 /* Release */ = {
			isa = XCBuildConfiguration;
			buildSettings = {
				BUNDLE_LOADER = "$(TEST_HOST)";
				CODE_SIGN_STYLE = Automatic;
				CURRENT_PROJECT_VERSION = 1;
				DEVELOPMENT_TEAM = FD42L98QQ7;
				GENERATE_INFOPLIST_FILE = YES;
				IPHONEOS_DEPLOYMENT_TARGET = 18.2;
				MARKETING_VERSION = 1.0;
				PRODUCT_BUNDLE_IDENTIFIER = com.sample.FeedTests;
				PRODUCT_NAME = "$(TARGET_NAME)";
				SWIFT_EMIT_LOC_STRINGS = NO;
				SWIFT_VERSION = 5.0;
				TARGETED_DEVICE_FAMILY = "1,2";
				TEST_HOST = "$(BUILT_PRODUCTS_DIR)/Feed.app/$(BUNDLE_EXECUTABLE_FOLDER_PATH)/Feed";
			};
			name = Release;
		};
		ABB441B32D80762800B14B25 /* Debug */ = {
			isa = XCBuildConfiguration;
			buildSettings = {
				CODE_SIGN_STYLE = Automatic;
				CURRENT_PROJECT_VERSION = 1;
				DEVELOPMENT_TEAM = FD42L98QQ7;
				GENERATE_INFOPLIST_FILE = YES;
				MARKETING_VERSION = 1.0;
				PRODUCT_BUNDLE_IDENTIFIER = com.sample.FeedUITests;
				PRODUCT_NAME = "$(TARGET_NAME)";
				SWIFT_EMIT_LOC_STRINGS = NO;
				SWIFT_VERSION = 5.0;
				TARGETED_DEVICE_FAMILY = "1,2";
				TEST_TARGET_NAME = Feed;
			};
			name = Debug;
		};
		ABB441B42D80762800B14B25 /* Release */ = {
			isa = XCBuildConfiguration;
			buildSettings = {
				CODE_SIGN_STYLE = Automatic;
				CURRENT_PROJECT_VERSION = 1;
				DEVELOPMENT_TEAM = FD42L98QQ7;
				GENERATE_INFOPLIST_FILE = YES;
				MARKETING_VERSION = 1.0;
				PRODUCT_BUNDLE_IDENTIFIER = com.sample.FeedUITests;
				PRODUCT_NAME = "$(TARGET_NAME)";
				SWIFT_EMIT_LOC_STRINGS = NO;
				SWIFT_VERSION = 5.0;
				TARGETED_DEVICE_FAMILY = "1,2";
				TEST_TARGET_NAME = Feed;
			};
			name = Release;
		};
/* End XCBuildConfiguration section */

/* Begin XCConfigurationList section */
		ABB441832D80762700B14B25 /* Build configuration list for PBXProject "Feed" */ = {
			isa = XCConfigurationList;
			buildConfigurations = (
				ABB441AA2D80762800B14B25 /* Debug */,
				ABB441AB2D80762800B14B25 /* Release */,
			);
			defaultConfigurationIsVisible = 0;
			defaultConfigurationName = Release;
		};
		ABB441AC2D80762800B14B25 /* Build configuration list for PBXNativeTarget "Feed" */ = {
			isa = XCConfigurationList;
			buildConfigurations = (
				ABB441AD2D80762800B14B25 /* Debug */,
				ABB441AE2D80762800B14B25 /* Release */,
			);
			defaultConfigurationIsVisible = 0;
			defaultConfigurationName = Release;
		};
		ABB441AF2D80762800B14B25 /* Build configuration list for PBXNativeTarget "FeedTests" */ = {
			isa = XCConfigurationList;
			buildConfigurations = (
				ABB441B02D80762800B14B25 /* Debug */,
				ABB441B12D80762800B14B25 /* Release */,
			);
			defaultConfigurationIsVisible = 0;
			defaultConfigurationName = Release;
		};
		ABB441B22D80762800B14B25 /* Build configuration list for PBXNativeTarget "FeedUITests" */ = {
			isa = XCConfigurationList;
			buildConfigurations = (
				ABB441B32D80762800B14B25 /* Debug */,
				ABB441B42D80762800B14B25 /* Release */,
			);
			defaultConfigurationIsVisible = 0;
			defaultConfigurationName = Release;
		};
/* End XCConfigurationList section */

/* Begin XCSwiftPackageProductDependency section */
		ABB441BD2D81C03200B14B25 /* Data */ = {
			isa = XCSwiftPackageProductDependency;
			productName = Data;
		};
		ABB441BF2D81C03200B14B25 /* Domain */ = {
			isa = XCSwiftPackageProductDependency;
			productName = Domain;
		};
		ABB441C12D81C03200B14B25 /* Presentation */ = {
			isa = XCSwiftPackageProductDependency;
			productName = Presentation;
		};
		ABB441CB2D81E58500B14B25 /* Mock */ = {
			isa = XCSwiftPackageProductDependency;
			productName = Mock;
		};
/* End XCSwiftPackageProductDependency section */
	};
	rootObject = ABB441802D80762700B14B25 /* Project object */;
}
